
Microsoft Visual Studio Solution File, Format Version 12.00
# Visual Studio 14
VisualStudioVersion = 14.0.25420.1
MinimumVisualStudioVersion = 10.0.40219.1
Project("{FAE04EC0-301F-11D3-BF4B-00C04F79EFBC}") = "CollectionOfHelpers", "CollectionOfHelpers\CollectionOfHelpers.csproj", "{D16D86A7-F600-4344-BAAB-5CF258DE6A78}"
EndProject
Project("{FAE04EC0-301F-11D3-BF4B-00C04F79EFBC}") = "WpfTestingInterface", "WpfTestingInterface\WpfTestingInterface.csproj", "{BEBEF4F6-9E8C-417F-B45F-581FE08D31FC}"
EndProject
Global
	GlobalSection(SolutionConfigurationPlatforms) = preSolution
		Debug|Any CPU = Debug|Any CPU
		Release|Any CPU = Release|Any CPU
	EndGlobalSection
	GlobalSection(ProjectConfigurationPlatforms) = postSolution
		{D16D86A7-F600-4344-BAAB-5CF258DE6A78}.Debug|Any CPU.ActiveCfg = Debug|Any CPU
		{D16D86A7-F600-4344-BAAB-5CF258DE6A78}.Debug|Any CPU.Build.0 = Debug|Any CPU
		{D16D86A7-F600-4344-BAAB-5CF258DE6A78}.Release|Any CPU.ActiveCfg = Release|Any CPU
		{D16D86A7-F600-4344-BAAB-5CF258DE6A78}.Release|Any CPU.Build.0 = Release|Any CPU
		{BEBEF4F6-9E8C-417F-B45F-581FE08D31FC}.Debug|Any CPU.ActiveCfg = Debug|Any CPU
		{BEBEF4F6-9E8C-417F-B45F-581FE08D31FC}.Debug|Any CPU.Build.0 = Debug|Any CPU
		{BEBEF4F6-9E8C-417F-B45F-581FE08D31FC}.Release|Any CPU.ActiveCfg = Release|Any CPU
		{BEBEF4F6-9E8C-417F-B45F-581FE08D31FC}.Release|Any CPU.Build.0 = Release|Any CPU
	EndGlobalSection
	GlobalSection(SolutionProperties) = preSolution
		HideSolutionNode = FALSE
	EndGlobalSection
EndGlobal
